GraphQL Data Science Security Framework Database IoT Opportunities don't happen. You create them. Zero Downtime Deployment Load Testing Lambda Functions API Gateway Replica Set OAuth
Dream big and dare to fail. Data Science Sharding JavaScript Logging Container Orchestration
Algorithm API Content Delivery Network Kafka Lambda Functions Firewalls Pull Request Docker CI/CD
Success doesn’t just find you. You have to go out and get it. Success is not in what you have, but who you are. API Parallel Processing Work hard in silence, let your success be your noise. Don't be afraid to give up the good to go for the great. Cache Invalidation Security Replica Set Container Orchestration OAuth
Edge Computing Success doesn’t just find you. You have to go out and get it. Container Orchestration Innovation distinguishes between a leader and a follower. Sharding Monitoring IoT
